
Microsoft Visual Studio Solution File, Format Version 12.00
# Visual Studio 15
VisualStudioVersion = 15.0.28010.2016
MinimumVisualStudioVersion = 10.0.40219.1
Project("{FAE04EC0-301F-11D3-BF4B-00C04F79EFBC}") = "Payroll_System_HADGreen_pvt", "Payroll_System_HADGreen_pvt\Payroll_System_HADGreen_pvt.csproj", "{18311426-3F07-467E-8469-B0BF693DAE4E}"
EndProject
Global
	GlobalSection(SolutionConfigurationPlatforms) = preSolution
		Debug|Any CPU = Debug|Any CPU
		Release|Any CPU = Release|Any CPU
	EndGlobalSection
	GlobalSection(ProjectConfigurationPlatforms) = postSolution
		{18311426-3F07-467E-8469-B0BF693DAE4E}.Debug|Any CPU.ActiveCfg = Debug|Any CPU
		{18311426-3F07-467E-8469-B0BF693DAE4E}.Debug|Any CPU.Build.0 = Debug|Any CPU
		{18311426-3F07-467E-8469-B0BF693DAE4E}.Release|Any CPU.ActiveCfg = Release|Any CPU
		{18311426-3F07-467E-8469-B0BF693DAE4E}.Release|Any CPU.Build.0 = Release|Any CPU
	EndGlobalSection
	GlobalSection(SolutionProperties) = preSolution
		HideSolutionNode = FALSE
	EndGlobalSection
	GlobalSection(ExtensibilityGlobals) = postSolution
		SolutionGuid = {4335597A-C6DA-4F9B-B6B9-0CF0548C0AF7}
	EndGlobalSection
EndGlobal
